// !$*UTF8*$!
{
	archiveVersion = 1;
	classes = {
	};
	objectVersion = 51;
	objects = {

/* Begin PBXBuildFile section */
		CC4232A9232A330F004B97F0 /* Search_Result.swift in Sources */ = {isa = PBXBuildFile; fileRef = CC4232A8232A330F004B97F0 /* Search_Result.swift */; };
		CCA9BDA9285EE2F242086CB8 /* Pods_Blavi.framework in Frameworks */ = {isa = PBXBuildFile; fileRef = 3DAECE54937B06F071A2128F /* Pods_Blavi.framework */; };
		CCE846A72327FC330089826F /* AppDelegate.swift in Sources */ = {isa = PBXBuildFile; fileRef = CCE846A62327FC330089826F /* AppDelegate.swift */; };
		CCE846A92327FC330089826F /* SearchViewController.swift in Sources */ = {isa = PBXBuildFile; fileRef = CCE846A82327FC330089826F /* SearchViewController.swift */; };
		CCE846AC2327FC330089826F /* Main.storyboard in Resources */ = {isa = PBXBuildFile; fileRef = CCE846AA2327FC330089826F /* Main.storyboard */; };
		CCE846AF2327FC330089826F /* Blavi.xcdatamodeld in Sources */ = {isa = PBXBuildFile; fileRef = CCE846AD2327FC330089826F /* Blavi.xcdatamodeld */; };
		CCE846B12327FC340089826F /* Assets.xcassets in Resources */ = {isa = PBXBuildFile; fileRef = CCE846B02327FC340089826F /* Assets.xcassets */; };
		CCE846B42327FC340089826F /* LaunchScreen.storyboard in Resources */ = {isa = PBXBuildFile; fileRef = CCE846B22327FC340089826F /* LaunchScreen.storyboard */; };
		CCEED6A4233B76D400404A72 /* MapViewController.swift in Sources */ = {isa = PBXBuildFile; fileRef = CCEED6A3233B76D400404A72 /* MapViewController.swift */; };
/* End PBXBuildFile section */

/* Begin PBXFileReference section */
		048CCC38A13C684518DEC77B /* Pods-Blavi.debug.xcconfig */ = {isa = PBXFileReference; includeInIndex = 1; lastKnownFileType = text.xcconfig; name = "Pods-Blavi.debug.xcconfig"; path = "Target Support Files/Pods-Blavi/Pods-Blavi.debug.xcconfig"; sourceTree = "<group>"; };
		3DAECE54937B06F071A2128F /* Pods_Blavi.framework */ = {isa = PBXFileReference; explicitFileType = wrapper.framework; includeInIndex = 0; path = Pods_Blavi.framework; sourceTree = BUILT_PRODUCTS_DIR; };
		CC4232A8232A330F004B97F0 /* Search_Result.swift */ = {isa = PBXFileReference; lastKnownFileType = sourcecode.swift; path = Search_Result.swift; sourceTree = "<group>"; };
		CCE846A32327FC330089826F /* Blavi.app */ = {isa = PBXFileReference; explicitFileType = wrapper.application; includeInIndex = 0; path = Blavi.app; sourceTree = BUILT_PRODUCTS_DIR; };
		CCE846A62327FC330089826F /* AppDelegate.swift */ = {isa = PBXFileReference; lastKnownFileType = sourcecode.swift; path = AppDelegate.swift; sourceTree = "<group>"; };
		CCE846A82327FC330089826F /* SearchViewController.swift */ = {isa = PBXFileReference; lastKnownFileType = sourcecode.swift; path = SearchViewController.swift; sourceTree = "<group>"; };
		CCE846AB2327FC330089826F /* Base */ = {isa = PBXFileReference; lastKnownFileType = file.storyboard; name = Base; path = Base.lproj/Main.storyboard; sourceTree = "<group>"; };
		CCE846AE2327FC330089826F /* Blavi.xcdatamodel */ = {isa = PBXFileReference; lastKnownFileType = wrapper.xcdatamodel; path = Blavi.xcdatamodel; sourceTree = "<group>"; };
		CCE846B02327FC340089826F /* Assets.xcassets */ = {isa = PBXFileReference; lastKnownFileType = folder.assetcatalog; path = Assets.xcassets; sourceTree = "<group>"; };
		CCE846B32327FC340089826F /* Base */ = {isa = PBXFileReference; lastKnownFileType = file.storyboard; name = Base; path = Base.lproj/LaunchScreen.storyboard; sourceTree = "<group>"; };
		CCE846B52327FC340089826F /* Info.plist */ = {isa = PBXFileReference; lastKnownFileType = text.plist.xml; path = Info.plist; sourceTree = "<group>"; };
		CCEED6A3233B76D400404A72 /* MapViewController.swift */ = {isa = PBXFileReference; lastKnownFileType = sourcecode.swift; path = MapViewController.swift; sourceTree = "<group>"; };
		F82215D32FA56CE47F26F2AA /* Pods-Blavi.release.xcconfig */ = {isa = PBXFileReference; includeInIndex = 1; lastKnownFileType = text.xcconfig; name = "Pods-Blavi.release.xcconfig"; path = "Target Support Files/Pods-Blavi/Pods-Blavi.release.xcconfig"; sourceTree = "<group>"; };
/* End PBXFileReference section */

/* Begin PBXFrameworksBuildPhase section */
		CCE846A02327FC330089826F /* Frameworks */ = {
			isa = PBXFrameworksBuildPhase;
			buildActionMask = 2147483647;
			files = (
				CCA9BDA9285EE2F242086CB8 /* Pods_Blavi.framework in Frameworks */,
			);
			runOnlyForDeploymentPostprocessing = 0;
		};
/* End PBXFrameworksBuildPhase section */

/* Begin PBXGroup section */
		7B299155BC711005FB6D28E9 /* Frameworks */ = {
			isa = PBXGroup;
			children = (
				3DAECE54937B06F071A2128F /* Pods_Blavi.framework */,
			);
			name = Frameworks;
			sourceTree = "<group>";
		};
		CCE8469A2327FC330089826F = {
			isa = PBXGroup;
			children = (
				CCE846A52327FC330089826F /* Blavi */,
				CCE846A42327FC330089826F /* Products */,
				FF6221ABC84E45CC509025BA /* Pods */,
				7B299155BC711005FB6D28E9 /* Frameworks */,
			);
			sourceTree = "<group>";
		};
		CCE846A42327FC330089826F /* Products */ = {
			isa = PBXGroup;
			children = (
				CCE846A32327FC330089826F /* Blavi.app */,
			);
			name = Products;
			sourceTree = "<group>";
		};
		CCE846A52327FC330089826F /* Blavi */ = {
			isa = PBXGroup;
			children = (
				CCE846A62327FC330089826F /* AppDelegate.swift */,
				CCE846A82327FC330089826F /* SearchViewController.swift */,
				CCEED6A3233B76D400404A72 /* MapViewController.swift */,
				CCE846AA2327FC330089826F /* Main.storyboard */,
				CCE846B02327FC340089826F /* Assets.xcassets */,
				CCE846B22327FC340089826F /* LaunchScreen.storyboard */,
				CCE846B52327FC340089826F /* Info.plist */,
				CCE846AD2327FC330089826F /* Blavi.xcdatamodeld */,
				CC4232A8232A330F004B97F0 /* Search_Result.swift */,
			);
			path = Blavi;
			sourceTree = "<group>";
		};
		FF6221ABC84E45CC509025BA /* Pods */ = {
			isa = PBXGroup;
			children = (
				048CCC38A13C684518DEC77B /* Pods-Blavi.debug.xcconfig */,
				F82215D32FA56CE47F26F2AA /* Pods-Blavi.release.xcconfig */,
			);
			path = Pods;
			sourceTree = "<group>";
		};
/* End PBXGroup section */

/* Begin PBXNativeTarget section */
		CCE846A22327FC330089826F /* Blavi */ = {
			isa = PBXNativeTarget;
			buildConfigurationList = CCE846B82327FC340089826F /* Build configuration list for PBXNativeTarget "Blavi" */;
			buildPhases = (
				DE3BC186364C6546DE21CFB1 /* [CP] Check Pods Manifest.lock */,
				CCE8469F2327FC330089826F /* Sources */,
				CCE846A02327FC330089826F /* Frameworks */,
				CCE846A12327FC330089826F /* Resources */,
				E9505557CF426EEA9616F509 /* [CP] Embed Pods Frameworks */,
			);
			buildRules = (
			);
			dependencies = (
			);
			name = Blavi;
			productName = Blavi;
			productReference = CCE846A32327FC330089826F /* Blavi.app */;
			productType = "com.apple.product-type.application";
		};
/* End PBXNativeTarget section */

/* Begin PBXProject section */
		CCE8469B2327FC330089826F /* Project object */ = {
			isa = PBXProject;
			attributes = {
				LastSwiftUpdateCheck = 1030;
				LastUpgradeCheck = 1030;
				ORGANIZATIONNAME = Yongwan;
				TargetAttributes = {
					CCE846A22327FC330089826F = {
						CreatedOnToolsVersion = 10.3;
					};
				};
			};
			buildConfigurationList = CCE8469E2327FC330089826F /* Build configuration list for PBXProject "Blavi" */;
			compatibilityVersion = "Xcode 9.3";
			developmentRegion = en;
			hasScannedForEncodings = 0;
			knownRegions = (
				en,
				Base,
			);
			mainGroup = CCE8469A2327FC330089826F;
			productRefGroup = CCE846A42327FC330089826F /* Products */;
			projectDirPath = "";
			projectRoot = "";
			targets = (
				CCE846A22327FC330089826F /* Blavi */,
			);
		};
/* End PBXProject section */

/* Begin PBXResourcesBuildPhase section */
		CCE846A12327FC330089826F /* Resources */ = {
			isa = PBXResourcesBuildPhase;
			buildActionMask = 2147483647;
			files = (
				CCE846B42327FC340089826F /* LaunchScreen.storyboard in Resources */,
				CCE846B12327FC340089826F /* Assets.xcassets in Resources */,
				CCE846AC2327FC330089826F /* Main.storyboard in Resources */,
			);
			runOnlyForDeploymentPostprocessing = 0;
		};
/* End PBXResourcesBuildPhase section */

/* Begin PBXShellScriptBuildPhase section */
		DE3BC186364C6546DE21CFB1 /* [CP] Check Pods Manifest.lock */ = {
			isa = PBXShellScriptBuildPhase;
			buildActionMask = 2147483647;
			files = (
			);
			inputFileListPaths = (
			);
			inputPaths = (
				"${PODS_PODFILE_DIR_PATH}/Podfile.lock",
				"${PODS_ROOT}/Manifest.lock",
			);
			name = "[CP] Check Pods Manifest.lock";
			outputFileListPaths = (
			);
			outputPaths = (
				"$(DERIVED_FILE_DIR)/Pods-Blavi-checkManifestLockResult.txt",
			);
			runOnlyForDeploymentPostprocessing = 0;
			shellPath = /bin/sh;
			shellScript = "diff \"${PODS_PODFILE_DIR_PATH}/Podfile.lock\" \"${PODS_ROOT}/Manifest.lock\" > /dev/null\nif [ $? != 0 ] ; then\n    # print error to STDERR\n    echo \"error: The sandbox is not in sync with the Podfile.lock. Run 'pod install' or update your CocoaPods installation.\" >&2\n    exit 1\nfi\n# This output is used by Xcode 'outputs' to avoid re-running this script phase.\necho \"SUCCESS\" > \"${SCRIPT_OUTPUT_FILE_0}\"\n";
			showEnvVarsInLog = 0;
		};
		E9505557CF426EEA9616F509 /* [CP] Embed Pods Frameworks */ = {
			isa = PBXShellScriptBuildPhase;
			buildActionMask = 2147483647;
			files = (
			);
			inputFileListPaths = (
				"${PODS_ROOT}/Target Support Files/Pods-Blavi/Pods-Blavi-frameworks-${CONFIGURATION}-input-files.xcfilelist",
			);
			name = "[CP] Embed Pods Frameworks";
			outputFileListPaths = (
				"${PODS_ROOT}/Target Support Files/Pods-Blavi/Pods-Blavi-frameworks-${CONFIGURATION}-output-files.xcfilelist",
			);
			runOnlyForDeploymentPostprocessing = 0;
			shellPath = /bin/sh;
			shellScript = "\"${PODS_ROOT}/Target Support Files/Pods-Blavi/Pods-Blavi-frameworks.sh\"\n";
			showEnvVarsInLog = 0;
		};
/* End PBXShellScriptBuildPhase section */

/* Begin PBXSourcesBuildPhase section */
		CCE8469F2327FC330089826F /* Sources */ = {
			isa = PBXSourcesBuildPhase;
			buildActionMask = 2147483647;
			files = (
				CCE846A92327FC330089826F /* SearchViewController.swift in Sources */,
				CCE846A72327FC330089826F /* AppDelegate.swift in Sources */,
				CC4232A9232A330F004B97F0 /* Search_Result.swift in Sources */,
				CCEED6A4233B76D400404A72 /* MapViewController.swift in Sources */,
				CCE846AF2327FC330089826F /* Blavi.xcdatamodeld in Sources */,
			);
			runOnlyForDeploymentPostprocessing = 0;
		};
/* End PBXSourcesBuildPhase section */

/* Begin PBXVariantGroup section */
		CCE846AA2327FC330089826F /* Main.storyboard */ = {
			isa = PBXVariantGroup;
			children = (
				CCE846AB2327FC330089826F /* Base */,
			);
			name = Main.storyboard;
			sourceTree = "<group>";
		};
		CCE846B22327FC340089826F /* LaunchScreen.storyboard */ = {
			isa = PBXVariantGroup;
			children = (
				CCE846B32327FC340089826F /* Base */,
			);
			name = LaunchScreen.storyboard;
			sourceTree = "<group>";
		};
/* End PBXVariantGroup section */

/* Begin XCBuildConfiguration section */
		CCE846B62327FC340089826F /* Debug */ = {
			isa = XCBuildConfiguration;
			buildSettings = {
				ALWAYS_SEARCH_USER_PATHS = NO;
				CLANG_ANALYZER_NONNULL = YES;
				CLANG_ANALYZER_NUMBER_OBJECT_CONVERSION = YES_AGGRESSIVE;
				CLANG_CXX_LANGUAGE_STANDARD = "gnu++14";
				CLANG_CXX_LIBRARY = "libc++";
				CLANG_ENABLE_MODULES = YES;
				CLANG_ENABLE_OBJC_ARC = YES;
				CLANG_ENABLE_OBJC_WEAK = YES;
				CLANG_WARN_BLOCK_CAPTURE_AUTORELEASING = YES;
				CLANG_WARN_BOOL_CONVERSION = YES;
				CLANG_WARN_COMMA = YES;
				CLANG_WARN_CONSTANT_CONVERSION = YES;
				CLANG_WARN_DEPRECATED_OBJC_IMPLEMENTATIONS = YES;
				CLANG_WARN_DIRECT_OBJC_ISA_USAGE = YES_ERROR;
				CLANG_WARN_DOCUMENTATION_COMMENTS = YES;
				CLANG_WARN_EMPTY_BODY = YES;
				CLANG_WARN_ENUM_CONVERSION = YES;
				CLANG_WARN_INFINITE_RECURSION = YES;
				CLANG_WARN_INT_CONVERSION = YES;
				CLANG_WARN_NON_LITERAL_NULL_CONVERSION = YES;
				CLANG_WARN_OBJC_IMPLICIT_RETAIN_SELF = YES;
				CLANG_WARN_OBJC_LITERAL_CONVERSION = YES;
				CLANG_WARN_OBJC_ROOT_CLASS = YES_ERROR;
				CLANG_WARN_RANGE_LOOP_ANALYSIS = YES;
				CLANG_WARN_STRICT_PROTOTYPES = YES;
				CLANG_WARN_SUSPICIOUS_MOVE = YES;
				CLANG_WARN_UNGUARDED_AVAILABILITY = YES_AGGRESSIVE;
				CLANG_WARN_UNREACHABLE_CODE = YES;
				CLANG_WARN__DUPLICATE_METHOD_MATCH = YES;
				CODE_SIGN_IDENTITY = "iPhone Developer";
				COPY_PHASE_STRIP = NO;
				DEBUG_INFORMATION_FORMAT = dwarf;
				ENABLE_STRICT_OBJC_MSGSEND = YES;
				ENABLE_TESTABILITY = YES;
				GCC_C_LANGUAGE_STANDARD = gnu11;
				GCC_DYNAMIC_NO_PIC = NO;
				GCC_NO_COMMON_BLOCKS = YES;
				GCC_OPTIMIZATION_LEVEL = 0;
				GCC_PREPROCESSOR_DEFINITIONS = (
					"DEBUG=1",
					"$(inherited)",
				);
				GCC_WARN_64_TO_32_BIT_CONVERSION = YES;
				GCC_WARN_ABOUT_RETURN_TYPE = YES_ERROR;
				GCC_WARN_UNDECLARED_SELECTOR = YES;
				GCC_WARN_UNINITIALIZED_AUTOS = YES_AGGRESSIVE;
				GCC_WARN_UNUSED_FUNCTION = YES;
				GCC_WARN_UNUSED_VARIABLE = YES;
				IPHONEOS_DEPLOYMENT_TARGET = 12.4;
				MTL_ENABLE_DEBUG_INFO = INCLUDE_SOURCE;
				MTL_FAST_MATH = YES;
				ONLY_ACTIVE_ARCH = YES;
				SDKROOT = iphoneos;
				SWIFT_ACTIVE_COMPILATION_CONDITIONS = DEBUG;
				SWIFT_OPTIMIZATION_LEVEL = "-Onone";
			};
			name = Debug;
		};
		CCE846B72327FC340089826F /* Release */ = {
			isa = XCBuildConfiguration;
			buildSettings = {
				ALWAYS_SEARCH_USER_PATHS = NO;
				CLANG_ANALYZER_NONNULL = YES;
				CLANG_ANALYZER_NUMBER_OBJECT_CONVERSION = YES_AGGRESSIVE;
				CLANG_CXX_LANGUAGE_STANDARD = "gnu++14";
				CLANG_CXX_LIBRARY = "libc++";
				CLANG_ENABLE_MODULES = YES;
				CLANG_ENABLE_OBJC_ARC = YES;
				CLANG_ENABLE_OBJC_WEAK = YES;
				CLANG_WARN_BLOCK_CAPTURE_AUTORELEASING = YES;
				CLANG_WARN_BOOL_CONVERSION = YES;
				CLANG_WARN_COMMA = YES;
				CLANG_WARN_CONSTANT_CONVERSION = YES;
				CLANG_WARN_DEPRECATED_OBJC_IMPLEMENTATIONS = YES;
				CLANG_WARN_DIRECT_OBJC_ISA_USAGE = YES_ERROR;
				CLANG_WARN_DOCUMENTATION_COMMENTS = YES;
				CLANG_WARN_EMPTY_BODY = YES;
				CLANG_WARN_ENUM_CONVERSION = YES;
				CLANG_WARN_INFINITE_RECURSION = YES;
				CLANG_WARN_INT_CONVERSION = YES;
				CLANG_WARN_NON_LITERAL_NULL_CONVERSION = YES;
				CLANG_WARN_OBJC_IMPLICIT_RETAIN_SELF = YES;
				CLANG_WARN_OBJC_LITERAL_CONVERSION = YES;
				CLANG_WARN_OBJC_ROOT_CLASS = YES_ERROR;
				CLANG_WARN_RANGE_LOOP_ANALYSIS = YES;
				CLANG_WARN_STRICT_PROTOTYPES = YES;
				CLANG_WARN_SUSPICIOUS_MOVE = YES;
				CLANG_WARN_UNGUARDED_AVAILABILITY = YES_AGGRESSIVE;
				CLANG_WARN_UNREACHABLE_CODE = YES;
				CLANG_WARN__DUPLICATE_METHOD_MATCH = YES;
				CODE_SIGN_IDENTITY = "iPhone Developer";
				COPY_PHASE_STRIP = NO;
				DEBUG_INFORMATION_FORMAT = "dwarf-with-dsym";
				ENABLE_NS_ASSERTIONS = NO;
				ENABLE_STRICT_OBJC_MSGSEND = YES;
				GCC_C_LANGUAGE_STANDARD = gnu11;
				GCC_NO_COMMON_BLOCKS = YES;
				GCC_WARN_64_TO_32_BIT_CONVERSION = YES;
				GCC_WARN_ABOUT_RETURN_TYPE = YES_ERROR;
				GCC_WARN_UNDECLARED_SELECTOR = YES;
				GCC_WARN_UNINITIALIZED_AUTOS = YES_AGGRESSIVE;
				GCC_WARN_UNUSED_FUNCTION = YES;
				GCC_WARN_UNUSED_VARIABLE = YES;
				IPHONEOS_DEPLOYMENT_TARGET = 12.4;
				MTL_ENABLE_DEBUG_INFO = NO;
				MTL_FAST_MATH = YES;
				SDKROOT = iphoneos;
				SWIFT_COMPILATION_MODE = wholemodule;
				SWIFT_OPTIMIZATION_LEVEL = "-O";
				VALIDATE_PRODUCT = YES;
			};
			name = Release;
		};
		CCE846B92327FC340089826F /* Debug */ = {
			isa = XCBuildConfiguration;
			baseConfigurationReference = 048CCC38A13C684518DEC77B /* Pods-Blavi.debug.xcconfig */;
			buildSettings = {
				ASSETCATALOG_COMPILER_APPICON_NAME = AppIcon;
				CODE_SIGN_STYLE = Automatic;
				DEVELOPMENT_TEAM = 6563S3NRTG;
				INFOPLIST_FILE = Blavi/Info.plist;
				LD_RUNPATH_SEARCH_PATHS = (
					"$(inherited)",
					"@executable_path/Frameworks",
				);
				LIBRARY_SEARCH_PATHS = (
					"$(inherited)",
					"$(PROJECT_DIR)/[iOS]TmapSDK_1.44/lib",
				);
				OTHER_LDFLAGS = "";
				PRODUCT_BUNDLE_IDENTIFIER = net.wan.Blavi;
				PRODUCT_NAME = "$(TARGET_NAME)";
				SWIFT_VERSION = 5.0;
				TARGETED_DEVICE_FAMILY = "1,2";
			};
			name = Debug;
		};
		CCE846BA2327FC340089826F /* Release */ = {
			isa = XCBuildConfiguration;
			baseConfigurationReference = F82215D32FA56CE47F26F2AA /* Pods-Blavi.release.xcconfig */;
			buildSettings = {
				ASSETCATALOG_COMPILER_APPICON_NAME = AppIcon;
				CODE_SIGN_STYLE = Automatic;
				DEVELOPMENT_TEAM = 6563S3NRTG;
				INFOPLIST_FILE = Blavi/Info.plist;
				LD_RUNPATH_SEARCH_PATHS = (
					"$(inherited)",
					"@executable_path/Frameworks",
				);
				LIBRARY_SEARCH_PATHS = (
					"$(inherited)",
					"$(PROJECT_DIR)/[iOS]TmapSDK_1.44/lib",
				);
				OTHER_LDFLAGS = "";
				PRODUCT_BUNDLE_IDENTIFIER = net.wan.Blavi;
				PRODUCT_NAME = "$(TARGET_NAME)";
				SWIFT_VERSION = 5.0;
				TARGETED_DEVICE_FAMILY = "1,2";
			};
			name = Release;
		};
/* End XCBuildConfiguration section */

/* Begin XCConfigurationList section */
		CCE8469E2327FC330089826F /* Build configuration list for PBXProject "Blavi" */ = {
			isa = XCConfigurationList;
			buildConfigurations = (
				CCE846B62327FC340089826F /* Debug */,
				CCE846B72327FC340089826F /* Release */,
			);
			defaultConfigurationIsVisible = 0;
			defaultConfigurationName = Release;
		};
		CCE846B82327FC340089826F /* Build configuration list for PBXNativeTarget "Blavi" */ = {
			isa = XCConfigurationList;
			buildConfigurations = (
				CCE846B92327FC340089826F /* Debug */,
				CCE846BA2327FC340089826F /* Release */,
			);
			defaultConfigurationIsVisible = 0;
			defaultConfigurationName = Release;
		};
/* End XCConfigurationList section */

/* Begin XCVersionGroup section */
		CCE846AD2327FC330089826F /* Blavi.xcdatamodeld */ = {
			isa = XCVersionGroup;
			children = (
				CCE846AE2327FC330089826F /* Blavi.xcdatamodel */,
			);
			currentVersion = CCE846AE2327FC330089826F /* Blavi.xcdatamodel */;
			path = Blavi.xcdatamodeld;
			sourceTree = "<group>";
			versionGroupType = wrapper.xcdatamodel;
		};
/* End XCVersionGroup section */
	};
	rootObject = CCE8469B2327FC330089826F /* Project object */;
}
